{
  "name": "feedback-hub",
  "lockfileVersion": 3,
  "requires": true,
  "packages": {
    "": {
      "dependencies": {
        "@j2blasco/ts-result": "^0.0.8"
      }
    },
    "node_modules/@j2blasco/ts-result": {
      "version": "0.0.8",
      "resolved": "https://registry.npmjs.org/@j2blasco/ts-result/-/ts-result-0.0.8.tgz",
      "integrity": "sha512-tj0+jLDvH6257fux5c/4cskcToJmKk4147RGn/2QMOkwwrFueLJ091rC0MP1zKrit/2xhJgbCf445j9fg8w3Mw==",
      "license": "MIT"
    }
  }
}
